
Microsoft Visual Studio Solution File, Format Version 12.00
# Visual Studio Version 17
VisualStudioVersion = 17.3.32811.315
MinimumVisualStudioVersion = 10.0.40219.1
Project("{FAE04EC0-301F-11D3-BF4B-00C04F79EFBC}") = "RESTA_PROPIEDADES", "RESTA_PROPIEDADES\RESTA_PROPIEDADES.csproj", "{6B192050-546B-4BBA-8ECE-D375DA12C52F}"
EndProject
Global
	GlobalSection(SolutionConfigurationPlatforms) = preSolution
		Debug|Any CPU = Debug|Any CPU
		Release|Any CPU = Release|Any CPU
	EndGlobalSection
	GlobalSection(ProjectConfigurationPlatforms) = postSolution
		{6B192050-546B-4BBA-8ECE-D375DA12C52F}.Debug|Any CPU.ActiveCfg = Debug|Any CPU
		{6B192050-546B-4BBA-8ECE-D375DA12C52F}.Debug|Any CPU.Build.0 = Debug|Any CPU
		{6B192050-546B-4BBA-8ECE-D375DA12C52F}.Release|Any CPU.ActiveCfg = Release|Any CPU
		{6B192050-546B-4BBA-8ECE-D375DA12C52F}.Release|Any CPU.Build.0 = Release|Any CPU
	EndGlobalSection
	GlobalSection(SolutionProperties) = preSolution
		HideSolutionNode = FALSE
	EndGlobalSection
	GlobalSection(ExtensibilityGlobals) = postSolution
		SolutionGuid = {BA207863-9F98-4FE4-A3B1-E26A9D3764F2}
	EndGlobalSection
EndGlobal
